
Microsoft Visual Studio Solution File, Format Version 12.00
Project("{FAE04EC0-301F-11D3-BF4B-00C04F79EFBC}") = "Odonto.Domain", "Odonto.Domain\Odonto.Domain.csproj", "{9DAA9AAA-9835-4BFE-AFF1-2FAE1A5E54D5}"
EndProject
Project("{FAE04EC0-301F-11D3-BF4B-00C04F79EFBC}") = "Odonto.Application", "Odonto.Application\Odonto.Application.csproj", "{AF90A148-36FA-4E67-8470-55EA0F95DAB2}"
EndProject
Project("{FAE04EC0-301F-11D3-BF4B-00C04F79EFBC}") = "Odonto.Infrastructure", "Odonto.Infrastructure\Odonto.Infrastructure.csproj", "{63D81E8D-3721-47F4-A7B7-8956D8B0BE97}"
EndProject
Project("{FAE04EC0-301F-11D3-BF4B-00C04F79EFBC}") = "Odonto.API", "Odonto.API\Odonto.API.csproj", "{3BDA7CD4-9587-409E-AB7B-C0261DF069AD}"
EndProject
Project("{FAE04EC0-301F-11D3-BF4B-00C04F79EFBC}") = "Odonto.Tests", "Odonto.Tests\Odonto.Tests.csproj", "{244649C8-E739-48A2-9D41-4D153CB33993}"
EndProject
Project("{FAE04EC0-301F-11D3-BF4B-00C04F79EFBC}") = "Odonto.IoC", "Odonto.IoC\Odonto.IoC.csproj", "{998F64AC-7243-40B1-A0D3-916F4DB98819}"
EndProject
Global
	GlobalSection(SolutionConfigurationPlatforms) = preSolution
		Debug|Any CPU = Debug|Any CPU
		Release|Any CPU = Release|Any CPU
	EndGlobalSection
	GlobalSection(ProjectConfigurationPlatforms) = postSolution
		{9DAA9AAA-9835-4BFE-AFF1-2FAE1A5E54D5}.Debug|Any CPU.ActiveCfg = Debug|Any CPU
		{9DAA9AAA-9835-4BFE-AFF1-2FAE1A5E54D5}.Debug|Any CPU.Build.0 = Debug|Any CPU
		{9DAA9AAA-9835-4BFE-AFF1-2FAE1A5E54D5}.Release|Any CPU.ActiveCfg = Release|Any CPU
		{9DAA9AAA-9835-4BFE-AFF1-2FAE1A5E54D5}.Release|Any CPU.Build.0 = Release|Any CPU
		{AF90A148-36FA-4E67-8470-55EA0F95DAB2}.Debug|Any CPU.ActiveCfg = Debug|Any CPU
		{AF90A148-36FA-4E67-8470-55EA0F95DAB2}.Debug|Any CPU.Build.0 = Debug|Any CPU
		{AF90A148-36FA-4E67-8470-55EA0F95DAB2}.Release|Any CPU.ActiveCfg = Release|Any CPU
		{AF90A148-36FA-4E67-8470-55EA0F95DAB2}.Release|Any CPU.Build.0 = Release|Any CPU
		{63D81E8D-3721-47F4-A7B7-8956D8B0BE97}.Debug|Any CPU.ActiveCfg = Debug|Any CPU
		{63D81E8D-3721-47F4-A7B7-8956D8B0BE97}.Debug|Any CPU.Build.0 = Debug|Any CPU
		{63D81E8D-3721-47F4-A7B7-8956D8B0BE97}.Release|Any CPU.ActiveCfg = Release|Any CPU
		{63D81E8D-3721-47F4-A7B7-8956D8B0BE97}.Release|Any CPU.Build.0 = Release|Any CPU
		{3BDA7CD4-9587-409E-AB7B-C0261DF069AD}.Debug|Any CPU.ActiveCfg = Debug|Any CPU
		{3BDA7CD4-9587-409E-AB7B-C0261DF069AD}.Debug|Any CPU.Build.0 = Debug|Any CPU
		{3BDA7CD4-9587-409E-AB7B-C0261DF069AD}.Release|Any CPU.ActiveCfg = Release|Any CPU
		{3BDA7CD4-9587-409E-AB7B-C0261DF069AD}.Release|Any CPU.Build.0 = Release|Any CPU
		{244649C8-E739-48A2-9D41-4D153CB33993}.Debug|Any CPU.ActiveCfg = Debug|Any CPU
		{244649C8-E739-48A2-9D41-4D153CB33993}.Debug|Any CPU.Build.0 = Debug|Any CPU
		{244649C8-E739-48A2-9D41-4D153CB33993}.Release|Any CPU.ActiveCfg = Release|Any CPU
		{244649C8-E739-48A2-9D41-4D153CB33993}.Release|Any CPU.Build.0 = Release|Any CPU
		{998F64AC-7243-40B1-A0D3-916F4DB98819}.Debug|Any CPU.ActiveCfg = Debug|Any CPU
		{998F64AC-7243-40B1-A0D3-916F4DB98819}.Debug|Any CPU.Build.0 = Debug|Any CPU
		{998F64AC-7243-40B1-A0D3-916F4DB98819}.Release|Any CPU.ActiveCfg = Release|Any CPU
		{998F64AC-7243-40B1-A0D3-916F4DB98819}.Release|Any CPU.Build.0 = Release|Any CPU
	EndGlobalSection
EndGlobal
